
Microsoft Visual Studio Solution File, Format Version 12.00
# Visual Studio Version 16
VisualStudioVersion = 16.0.30611.23
MinimumVisualStudioVersion = 10.0.40219.1
Project("{FAE04EC0-301F-11D3-BF4B-00C04F79EFBC}") = "LicoreraDemo", "LicoreraDemo\LicoreraDemo.csproj", "{335D00D3-2A01-473F-8D62-17616D97A18C}"
EndProject
Global
	GlobalSection(SolutionConfigurationPlatforms) = preSolution
		Debug|Any CPU = Debug|Any CPU
		Release|Any CPU = Release|Any CPU
	EndGlobalSection
	GlobalSection(ProjectConfigurationPlatforms) = postSolution
		{335D00D3-2A01-473F-8D62-17616D97A18C}.Debug|Any CPU.ActiveCfg = Debug|Any CPU
		{335D00D3-2A01-473F-8D62-17616D97A18C}.Debug|Any CPU.Build.0 = Debug|Any CPU
		{335D00D3-2A01-473F-8D62-17616D97A18C}.Release|Any CPU.ActiveCfg = Release|Any CPU
		{335D00D3-2A01-473F-8D62-17616D97A18C}.Release|Any CPU.Build.0 = Release|Any CPU
	EndGlobalSection
	GlobalSection(SolutionProperties) = preSolution
		HideSolutionNode = FALSE
	EndGlobalSection
	GlobalSection(ExtensibilityGlobals) = postSolution
		SolutionGuid = {C47B3E66-DBE7-4772-8DD4-4FA22EDD0AB0}
	EndGlobalSection
EndGlobal
